
Microsoft Visual Studio Solution File, Format Version 12.00
# Visual Studio Version 17
VisualStudioVersion = 17.0.31903.59
MinimumVisualStudioVersion = 10.0.40219.1
Project("{FAE04EC0-301F-11D3-BF4B-00C04F79EFBC}") = "BuberBreakfast", "BuberBreakfast\BuberBreakfast.csproj", "{EF9D570A-CB1C-428B-94A0-4D3834E36B34}"
EndProject
Project("{FAE04EC0-301F-11D3-BF4B-00C04F79EFBC}") = "BuberBreakfast.Contracts", "BuberBreakfast.Contracts\BuberBreakfast.Contracts.csproj", "{22104050-D5CA-4596-9EB6-2A846EE75772}"
EndProject
Global
	GlobalSection(SolutionConfigurationPlatforms) = preSolution
		Debug|Any CPU = Debug|Any CPU
		Release|Any CPU = Release|Any CPU
	EndGlobalSection
	GlobalSection(SolutionProperties) = preSolution
		HideSolutionNode = FALSE
	EndGlobalSection
	GlobalSection(ProjectConfigurationPlatforms) = postSolution
		{EF9D570A-CB1C-428B-94A0-4D3834E36B34}.Debug|Any CPU.ActiveCfg = Debug|Any CPU
		{EF9D570A-CB1C-428B-94A0-4D3834E36B34}.Debug|Any CPU.Build.0 = Debug|Any CPU
		{EF9D570A-CB1C-428B-94A0-4D3834E36B34}.Release|Any CPU.ActiveCfg = Release|Any CPU
		{EF9D570A-CB1C-428B-94A0-4D3834E36B34}.Release|Any CPU.Build.0 = Release|Any CPU
		{22104050-D5CA-4596-9EB6-2A846EE75772}.Debug|Any CPU.ActiveCfg = Debug|Any CPU
		{22104050-D5CA-4596-9EB6-2A846EE75772}.Debug|Any CPU.Build.0 = Debug|Any CPU
		{22104050-D5CA-4596-9EB6-2A846EE75772}.Release|Any CPU.ActiveCfg = Release|Any CPU
		{22104050-D5CA-4596-9EB6-2A846EE75772}.Release|Any CPU.Build.0 = Release|Any CPU
	EndGlobalSection
EndGlobal
